
Microsoft Visual Studio Solution File, Format Version 12.00
# Visual Studio Version 17
VisualStudioVersion = 17.10.34928.147
MinimumVisualStudioVersion = 10.0.40219.1
Project("{8BC9CEB8-8B4A-11D0-8D11-00A0C91BC942}") = "LV01.G01", "LV01.G01\LV01.G01.vcxproj", "{192E26B3-4BB3-4A91-B86E-9C71A5E6DDE0}"
EndProject
Project("{8BC9CEB8-8B4A-11D0-8D11-00A0C91BC942}") = "LV02.G03", "LV02.G03\LV02.G03.vcxproj", "{F463F8BA-4B81-4B22-B080-96D5834D10EA}"
EndProject
Project("{8BC9CEB8-8B4A-11D0-8D11-00A0C91BC942}") = "LV02.G04", "LV02.G04\LV02.G04.vcxproj", "{B957C1CD-81A1-496D-A63F-EEB67FB66C2E}"
EndProject
Project("{8BC9CEB8-8B4A-11D0-8D11-00A0C91BC942}") = "LV02.G05", "LV02.G05\LV02.G05.vcxproj", "{1510920E-81EA-4032-828D-C6AF46DA7F96}"
EndProject
Project("{8BC9CEB8-8B4A-11D0-8D11-00A0C91BC942}") = "LV03.G06", "LV03.G06\LV03.G06.vcxproj", "{12FAF239-407E-4965-A885-081A9D6FFFF7}"
EndProject
Project("{8BC9CEB8-8B4A-11D0-8D11-00A0C91BC942}") = "LV03.G07", "LV03.G07\LV03.G07.vcxproj", "{61F90E37-E660-407A-BCC5-EACAFF5EA3B3}"
EndProject
Project("{8BC9CEB8-8B4A-11D0-8D11-00A0C91BC942}") = "Practice Proj", "Practice Proj\Practice Proj.vcxproj", "{6551A018-DC41-4965-8408-C4360FE18C82}"
EndProject
Project("{8BC9CEB8-8B4A-11D0-8D11-00A0C91BC942}") = "LV03.G09", "LV03.G09\LV03.G09.vcxproj", "{DC7F2131-30BF-4B7D-9C2C-4A6AEE2EB7FA}"
EndProject
Project("{8BC9CEB8-8B4A-11D0-8D11-00A0C91BC942}") = "LV4.G10", "LV4.G10\LV4.G10.vcxproj", "{D689AAAC-401A-4D53-9412-39929994FCE6}"
EndProject
Project("{8BC9CEB8-8B4A-11D0-8D11-00A0C91BC942}") = "LV4.G11", "LV4.G11\LV4.G11.vcxproj", "{BA3A0A28-6646-42F4-84BB-ECABE1A91010}"
EndProject
Project("{8BC9CEB8-8B4A-11D0-8D11-00A0C91BC942}") = "LV5. G12", "LV5. G12\LV5. G12.vcxproj", "{B2968516-7E10-4E92-A872-12F95BF457DD}"
EndProject
Project("{8BC9CEB8-8B4A-11D0-8D11-00A0C91BC942}") = "LV5.G13", "LV5.G13\LV5.G13.vcxproj", "{01FF7C26-BB54-4EAF-B4C7-B39E36C4AD7F}"
EndProject
Project("{8BC9CEB8-8B4A-11D0-8D11-00A0C91BC942}") = "LV5.G14", "LV5.G14\LV5.G14.vcxproj", "{3F2DB615-9CB9-47D4-B190-0FDCBEA4D5E6}"
EndProject
Global
	GlobalSection(SolutionConfigurationPlatforms) = preSolution
		Debug|x64 = Debug|x64
		Debug|x86 = Debug|x86
		Release|x64 = Release|x64
		Release|x86 = Release|x86
	EndGlobalSection
	GlobalSection(ProjectConfigurationPlatforms) = postSolution
		{192E26B3-4BB3-4A91-B86E-9C71A5E6DDE0}.Debug|x64.ActiveCfg = Debug|x64
		{192E26B3-4BB3-4A91-B86E-9C71A5E6DDE0}.Debug|x64.Build.0 = Debug|x64
		{192E26B3-4BB3-4A91-B86E-9C71A5E6DDE0}.Debug|x86.ActiveCfg = Debug|Win32
		{192E26B3-4BB3-4A91-B86E-9C71A5E6DDE0}.Debug|x86.Build.0 = Debug|Win32
		{192E26B3-4BB3-4A91-B86E-9C71A5E6DDE0}.Release|x64.ActiveCfg = Release|x64
		{192E26B3-4BB3-4A91-B86E-9C71A5E6DDE0}.Release|x64.Build.0 = Release|x64
		{192E26B3-4BB3-4A91-B86E-9C71A5E6DDE0}.Release|x86.ActiveCfg = Release|Win32
		{192E26B3-4BB3-4A91-B86E-9C71A5E6DDE0}.Release|x86.Build.0 = Release|Win32
		{F463F8BA-4B81-4B22-B080-96D5834D10EA}.Debug|x64.ActiveCfg = Debug|x64
		{F463F8BA-4B81-4B22-B080-96D5834D10EA}.Debug|x64.Build.0 = Debug|x64
		{F463F8BA-4B81-4B22-B080-96D5834D10EA}.Debug|x86.ActiveCfg = Debug|Win32
		{F463F8BA-4B81-4B22-B080-96D5834D10EA}.Debug|x86.Build.0 = Debug|Win32
		{F463F8BA-4B81-4B22-B080-96D5834D10EA}.Release|x64.ActiveCfg = Release|x64
		{F463F8BA-4B81-4B22-B080-96D5834D10EA}.Release|x64.Build.0 = Release|x64
		{F463F8BA-4B81-4B22-B080-96D5834D10EA}.Release|x86.ActiveCfg = Release|Win32
		{F463F8BA-4B81-4B22-B080-96D5834D10EA}.Release|x86.Build.0 = Release|Win32
		{B957C1CD-81A1-496D-A63F-EEB67FB66C2E}.Debug|x64.ActiveCfg = Debug|x64
		{B957C1CD-81A1-496D-A63F-EEB67FB66C2E}.Debug|x64.Build.0 = Debug|x64
		{B957C1CD-81A1-496D-A63F-EEB67FB66C2E}.Debug|x86.ActiveCfg = Debug|Win32
		{B957C1CD-81A1-496D-A63F-EEB67FB66C2E}.Debug|x86.Build.0 = Debug|Win32
		{B957C1CD-81A1-496D-A63F-EEB67FB66C2E}.Release|x64.ActiveCfg = Release|x64
		{B957C1CD-81A1-496D-A63F-EEB67FB66C2E}.Release|x64.Build.0 = Release|x64
		{B957C1CD-81A1-496D-A63F-EEB67FB66C2E}.Release|x86.ActiveCfg = Release|Win32
		{B957C1CD-81A1-496D-A63F-EEB67FB66C2E}.Release|x86.Build.0 = Release|Win32
		{1510920E-81EA-4032-828D-C6AF46DA7F96}.Debug|x64.ActiveCfg = Debug|x64
		{1510920E-81EA-4032-828D-C6AF46DA7F96}.Debug|x64.Build.0 = Debug|x64
		{1510920E-81EA-4032-828D-C6AF46DA7F96}.Debug|x86.ActiveCfg = Debug|Win32
		{1510920E-81EA-4032-828D-C6AF46DA7F96}.Debug|x86.Build.0 = Debug|Win32
		{1510920E-81EA-4032-828D-C6AF46DA7F96}.Release|x64.ActiveCfg = Release|x64
		{1510920E-81EA-4032-828D-C6AF46DA7F96}.Release|x64.Build.0 = Release|x64
		{1510920E-81EA-4032-828D-C6AF46DA7F96}.Release|x86.ActiveCfg = Release|Win32
		{1510920E-81EA-4032-828D-C6AF46DA7F96}.Release|x86.Build.0 = Release|Win32
		{12FAF239-407E-4965-A885-081A9D6FFFF7}.Debug|x64.ActiveCfg = Debug|x64
		{12FAF239-407E-4965-A885-081A9D6FFFF7}.Debug|x64.Build.0 = Debug|x64
		{12FAF239-407E-4965-A885-081A9D6FFFF7}.Debug|x86.ActiveCfg = Debug|Win32
		{12FAF239-407E-4965-A885-081A9D6FFFF7}.Debug|x86.Build.0 = Debug|Win32
		{12FAF239-407E-4965-A885-081A9D6FFFF7}.Release|x64.ActiveCfg = Release|x64
		{12FAF239-407E-4965-A885-081A9D6FFFF7}.Release|x64.Build.0 = Release|x64
		{12FAF239-407E-4965-A885-081A9D6FFFF7}.Release|x86.ActiveCfg = Release|Win32
		{12FAF239-407E-4965-A885-081A9D6FFFF7}.Release|x86.Build.0 = Release|Win32
		{61F90E37-E660-407A-BCC5-EACAFF5EA3B3}.Debug|x64.ActiveCfg = Debug|x64
		{61F90E37-E660-407A-BCC5-EACAFF5EA3B3}.Debug|x64.Build.0 = Debug|x64
		{61F90E37-E660-407A-BCC5-EACAFF5EA3B3}.Debug|x86.ActiveCfg = Debug|Win32
		{61F90E37-E660-407A-BCC5-EACAFF5EA3B3}.Debug|x86.Build.0 = Debug|Win32
		{61F90E37-E660-407A-BCC5-EACAFF5EA3B3}.Release|x64.ActiveCfg = Release|x64
		{61F90E37-E660-407A-BCC5-EACAFF5EA3B3}.Release|x64.Build.0 = Release|x64
		{61F90E37-E660-407A-BCC5-EACAFF5EA3B3}.Release|x86.ActiveCfg = Release|Win32
		{61F90E37-E660-407A-BCC5-EACAFF5EA3B3}.Release|x86.Build.0 = Release|Win32
		{6551A018-DC41-4965-8408-C4360FE18C82}.Debug|x64.ActiveCfg = Debug|x64
		{6551A018-DC41-4965-8408-C4360FE18C82}.Debug|x64.Build.0 = Debug|x64
		{6551A018-DC41-4965-8408-C4360FE18C82}.Debug|x86.ActiveCfg = Debug|Win32
		{6551A018-DC41-4965-8408-C4360FE18C82}.Debug|x86.Build.0 = Debug|Win32
		{6551A018-DC41-4965-8408-C4360FE18C82}.Release|x64.ActiveCfg = Release|x64
		{6551A018-DC41-4965-8408-C4360FE18C82}.Release|x64.Build.0 = Release|x64
		{6551A018-DC41-4965-8408-C4360FE18C82}.Release|x86.ActiveCfg = Release|Win32
		{6551A018-DC41-4965-8408-C4360FE18C82}.Release|x86.Build.0 = Release|Win32
		{DC7F2131-30BF-4B7D-9C2C-4A6AEE2EB7FA}.Debug|x64.ActiveCfg = Debug|x64
		{DC7F2131-30BF-4B7D-9C2C-4A6AEE2EB7FA}.Debug|x64.Build.0 = Debug|x64
		{DC7F2131-30BF-4B7D-9C2C-4A6AEE2EB7FA}.Debug|x86.ActiveCfg = Debug|Win32
		{DC7F2131-30BF-4B7D-9C2C-4A6AEE2EB7FA}.Debug|x86.Build.0 = Debug|Win32
		{DC7F2131-30BF-4B7D-9C2C-4A6AEE2EB7FA}.Release|x64.ActiveCfg = Release|x64
		{DC7F2131-30BF-4B7D-9C2C-4A6AEE2EB7FA}.Release|x64.Build.0 = Release|x64
		{DC7F2131-30BF-4B7D-9C2C-4A6AEE2EB7FA}.Release|x86.ActiveCfg = Release|Win32
		{DC7F2131-30BF-4B7D-9C2C-4A6AEE2EB7FA}.Release|x86.Build.0 = Release|Win32
		{D689AAAC-401A-4D53-9412-39929994FCE6}.Debug|x64.ActiveCfg = Debug|x64
		{D689AAAC-401A-4D53-9412-39929994FCE6}.Debug|x64.Build.0 = Debug|x64
		{D689AAAC-401A-4D53-9412-39929994FCE6}.Debug|x86.ActiveCfg = Debug|Win32
		{D689AAAC-401A-4D53-9412-39929994FCE6}.Debug|x86.Build.0 = Debug|Win32
		{D689AAAC-401A-4D53-9412-39929994FCE6}.Release|x64.ActiveCfg = Release|x64
		{D689AAAC-401A-4D53-9412-39929994FCE6}.Release|x64.Build.0 = Release|x64
		{D689AAAC-401A-4D53-9412-39929994FCE6}.Release|x86.ActiveCfg = Release|Win32
		{D689AAAC-401A-4D53-9412-39929994FCE6}.Release|x86.Build.0 = Release|Win32
		{BA3A0A28-6646-42F4-84BB-ECABE1A91010}.Debug|x64.ActiveCfg = Debug|x64
		{BA3A0A28-6646-42F4-84BB-ECABE1A91010}.Debug|x64.Build.0 = Debug|x64
		{BA3A0A28-6646-42F4-84BB-ECABE1A91010}.Debug|x86.ActiveCfg = Debug|Win32
		{BA3A0A28-6646-42F4-84BB-ECABE1A91010}.Debug|x86.Build.0 = Debug|Win32
		{BA3A0A28-6646-42F4-84BB-ECABE1A91010}.Release|x64.ActiveCfg = Release|x64
		{BA3A0A28-6646-42F4-84BB-ECABE1A91010}.Release|x64.Build.0 = Release|x64
		{BA3A0A28-6646-42F4-84BB-ECABE1A91010}.Release|x86.ActiveCfg = Release|Win32
		{BA3A0A28-6646-42F4-84BB-ECABE1A91010}.Release|x86.Build.0 = Release|Win32
		{B2968516-7E10-4E92-A872-12F95BF457DD}.Debug|x64.ActiveCfg = Debug|x64
		{B2968516-7E10-4E92-A872-12F95BF457DD}.Debug|x64.Build.0 = Debug|x64
		{B2968516-7E10-4E92-A872-12F95BF457DD}.Debug|x86.ActiveCfg = Debug|Win32
		{B2968516-7E10-4E92-A872-12F95BF457DD}.Debug|x86.Build.0 = Debug|Win32
		{B2968516-7E10-4E92-A872-12F95BF457DD}.Release|x64.ActiveCfg = Release|x64
		{B2968516-7E10-4E92-A872-12F95BF457DD}.Release|x64.Build.0 = Release|x64
		{B2968516-7E10-4E92-A872-12F95BF457DD}.Release|x86.ActiveCfg = Release|Win32
		{B2968516-7E10-4E92-A872-12F95BF457DD}.Release|x86.Build.0 = Release|Win32
		{01FF7C26-BB54-4EAF-B4C7-B39E36C4AD7F}.Debug|x64.ActiveCfg = Debug|x64
		{01FF7C26-BB54-4EAF-B4C7-B39E36C4AD7F}.Debug|x64.Build.0 = Debug|x64
		{01FF7C26-BB54-4EAF-B4C7-B39E36C4AD7F}.Debug|x86.ActiveCfg = Debug|Win32
		{01FF7C26-BB54-4EAF-B4C7-B39E36C4AD7F}.Debug|x86.Build.0 = Debug|Win32
		{01FF7C26-BB54-4EAF-B4C7-B39E36C4AD7F}.Release|x64.ActiveCfg = Release|x64
		{01FF7C26-BB54-4EAF-B4C7-B39E36C4AD7F}.Release|x64.Build.0 = Release|x64
		{01FF7C26-BB54-4EAF-B4C7-B39E36C4AD7F}.Release|x86.ActiveCfg = Release|Win32
		{01FF7C26-BB54-4EAF-B4C7-B39E36C4AD7F}.Release|x86.Build.0 = Release|Win32
		{3F2DB615-9CB9-47D4-B190-0FDCBEA4D5E6}.Debug|x64.ActiveCfg = Debug|x64
		{3F2DB615-9CB9-47D4-B190-0FDCBEA4D5E6}.Debug|x64.Build.0 = Debug|x64
		{3F2DB615-9CB9-47D4-B190-0FDCBEA4D5E6}.Debug|x86.ActiveCfg = Debug|Win32
		{3F2DB615-9CB9-47D4-B190-0FDCBEA4D5E6}.Debug|x86.Build.0 = Debug|Win32
		{3F2DB615-9CB9-47D4-B190-0FDCBEA4D5E6}.Release|x64.ActiveCfg = Release|x64
		{3F2DB615-9CB9-47D4-B190-0FDCBEA4D5E6}.Release|x64.Build.0 = Release|x64
		{3F2DB615-9CB9-47D4-B190-0FDCBEA4D5E6}.Release|x86.ActiveCfg = Release|Win32
		{3F2DB615-9CB9-47D4-B190-0FDCBEA4D5E6}.Release|x86.Build.0 = Release|Win32
	EndGlobalSection
	GlobalSection(SolutionProperties) = preSolution
		HideSolutionNode = FALSE
	EndGlobalSection
	GlobalSection(ExtensibilityGlobals) = postSolution
		SolutionGuid = {B38D28BA-9910-47DB-B191-8A586EC891D4}
	EndGlobalSection
EndGlobal
